// !$*UTF8*$!
{
	archiveVersion = 1;
	classes = {
	};
	objectVersion = 46;
	objects = {

/* Begin PBXBuildFile section */
		D9CBF19A1A06B125003309A9 /* AppDelegate.swift in Sources */ = {isa = PBXBuildFile; fileRef = D9CBF1991A06B125003309A9 /* AppDelegate.swift */; };
		D9CBF19C1A06B125003309A9 /* ViewController.swift in Sources */ = {isa = PBXBuildFile; fileRef = D9CBF19B1A06B125003309A9 /* ViewController.swift */; };
		D9CBF19F1A06B125003309A9 /* Main.storyboard in Resources */ = {isa = PBXBuildFile; fileRef = D9CBF19D1A06B125003309A9 /* Main.storyboard */; };
		D9CBF1A11A06B125003309A9 /* Images.xcassets in Resources */ = {isa = PBXBuildFile; fileRef = D9CBF1A01A06B125003309A9 /* Images.xcassets */; };
		D9CBF1A41A06B125003309A9 /* LaunchScreen.xib in Resources */ = {isa = PBXBuildFile; fileRef = D9CBF1A21A06B125003309A9 /* LaunchScreen.xib */; };
		D9CBF1B01A06B125003309A9 /* Mailb0xTests.swift in Sources */ = {isa = PBXBuildFile; fileRef = D9CBF1AF1A06B125003309A9 /* Mailb0xTests.swift */; };
/* End PBXBuildFile section */

/* Begin PBXContainerItemProxy section */
		D9CBF1AA1A06B125003309A9 /* PBXContainerItemProxy */ = {
			isa = PBXContainerItemProxy;
			containerPortal = D9CBF18C1A06B125003309A9 /* Project object */;
			proxyType = 1;
			remoteGlobalIDString = D9CBF1931A06B125003309A9;
			remoteInfo = Mailb0x;
		};
/* End PBXContainerItemProxy section */

/* Begin PBXFileReference section */
		D9CBF1941A06B125003309A9 /* Mailb0x.app */ = {isa = PBXFileReference; explicitFileType = wrapper.application; includeInIndex = 0; path = Mailb0x.app; sourceTree = BUILT_PRODUCTS_DIR; };
		D9CBF1981A06B125003309A9 /* Info.plist */ = {isa = PBXFileReference; lastKnownFileType = text.plist.xml; path = Info.plist; sourceTree = "<group>"; };
		D9CBF1991A06B125003309A9 /* AppDelegate.swift */ = {isa = PBXFileReference; lastKnownFileType = sourcecode.swift; path = AppDelegate.swift; sourceTree = "<group>"; };
		D9CBF19B1A06B125003309A9 /* ViewController.swift */ = {isa = PBXFileReference; lastKnownFileType = sourcecode.swift; path = ViewController.swift; sourceTree = "<group>"; };
		D9CBF19E1A06B125003309A9 /* Base */ = {isa = PBXFileReference; lastKnownFileType = file.storyboard; name = Base; path = Base.lproj/Main.storyboard; sourceTree = "<group>"; };
		D9CBF1A01A06B125003309A9 /* Images.xcassets */ = {isa = PBXFileReference; lastKnownFileType = folder.assetcatalog; path = Images.xcassets; sourceTree = "<group>"; };
		D9CBF1A31A06B125003309A9 /* Base */ = {isa = PBXFileReference; lastKnownFileType = file.xib; name = Base; path = Base.lproj/LaunchScreen.xib; sourceTree = "<group>"; };
		D9CBF1A91A06B125003309A9 /* Mailb0xTests.xctest */ = {isa = PBXFileReference; explicitFileType = wrapper.cfbundle; includeInIndex = 0; path = Mailb0xTests.xctest; sourceTree = BUILT_PRODUCTS_DIR; };
		D9CBF1AE1A06B125003309A9 /* Info.plist */ = {isa = PBXFileReference; lastKnownFileType = text.plist.xml; path = Info.plist; sourceTree = "<group>"; };
		D9CBF1AF1A06B125003309A9 /* Mailb0xTests.swift */ = {isa = PBXFileReference; lastKnownFileType = sourcecode.swift; path = Mailb0xTests.swift; sourceTree = "<group>"; };
/* End PBXFileReference section */

/* Begin PBXFrameworksBuildPhase section */
		D9CBF1911A06B125003309A9 /* Frameworks */ = {
			isa = PBXFrameworksBuildPhase;
			buildActionMask = 2147483647;
			files = (
			);
			runOnlyForDeploymentPostprocessing = 0;
		};
		D9CBF1A61A06B125003309A9 /* Frameworks */ = {
			isa = PBXFrameworksBuildPhase;
			buildActionMask = 2147483647;
			files = (
			);
			runOnlyForDeploymentPostprocessing = 0;
		};
/* End PBXFrameworksBuildPhase section */

/* Begin PBXGroup section */
		D9CBF18B1A06B125003309A9 = {
			isa = PBXGroup;
			children = (
				D9CBF1961A06B125003309A9 /* Mailb0x */,
				D9CBF1AC1A06B125003309A9 /* Mailb0xTests */,
				D9CBF1951A06B125003309A9 /* Products */,
			);
			sourceTree = "<group>";
		};
		D9CBF1951A06B125003309A9 /* Products */ = {
			isa = PBXGroup;
			children = (
				D9CBF1941A06B125003309A9 /* Mailb0x.app */,
				D9CBF1A91A06B125003309A9 /* Mailb0xTests.xctest */,
			);
			name = Products;
			sourceTree = "<group>";
		};
		D9CBF1961A06B125003309A9 /* Mailb0x */ = {
			isa = PBXGroup;
			children = (
				D9CBF1991A06B125003309A9 /* AppDelegate.swift */,
				D9CBF19B1A06B125003309A9 /* ViewController.swift */,
				D9CBF19D1A06B125003309A9 /* Main.storyboard */,
				D9CBF1A01A06B125003309A9 /* Images.xcassets */,
				D9CBF1A21A06B125003309A9 /* LaunchScreen.xib */,
				D9CBF1971A06B125003309A9 /* Supporting Files */,
			);
			path = Mailb0x;
			sourceTree = "<group>";
		};
		D9CBF1971A06B125003309A9 /* Supporting Files */ = {
			isa = PBXGroup;
			children = (
				D9CBF1981A06B125003309A9 /* Info.plist */,
			);
			name = "Supporting Files";
			sourceTree = "<group>";
		};
		D9CBF1AC1A06B125003309A9 /* Mailb0xTests */ = {
			isa = PBXGroup;
			children = (
				D9CBF1AF1A06B125003309A9 /* Mailb0xTests.swift */,
				D9CBF1AD1A06B125003309A9 /* Supporting Files */,
			);
			path = Mailb0xTests;
			sourceTree = "<group>";
		};
		D9CBF1AD1A06B125003309A9 /* Supporting Files */ = {
			isa = PBXGroup;
			children = (
				D9CBF1AE1A06B125003309A9 /* Info.plist */,
			);
			name = "Supporting Files";
			sourceTree = "<group>";
		};
/* End PBXGroup section */

/* Begin PBXNativeTarget section */
		D9CBF1931A06B125003309A9 /* Mailb0x */ = {
			isa = PBXNativeTarget;
			buildConfigurationList = D9CBF1B31A06B125003309A9 /* Build configuration list for PBXNativeTarget "Mailb0x" */;
			buildPhases = (
				D9CBF1901A06B125003309A9 /* Sources */,
				D9CBF1911A06B125003309A9 /* Frameworks */,
				D9CBF1921A06B125003309A9 /* Resources */,
			);
			buildRules = (
			);
			dependencies = (
			);
			name = Mailb0x;
			productName = Mailb0x;
			productReference = D9CBF1941A06B125003309A9 /* Mailb0x.app */;
			productType = "com.apple.product-type.application";
		};
		D9CBF1A81A06B125003309A9 /* Mailb0xTests */ = {
			isa = PBXNativeTarget;
			buildConfigurationList = D9CBF1B61A06B125003309A9 /* Build configuration list for PBXNativeTarget "Mailb0xTests" */;
			buildPhases = (
				D9CBF1A51A06B125003309A9 /* Sources */,
				D9CBF1A61A06B125003309A9 /* Frameworks */,
				D9CBF1A71A06B125003309A9 /* Resources */,
			);
			buildRules = (
			);
			dependencies = (
				D9CBF1AB1A06B125003309A9 /* PBXTargetDependency */,
			);
			name = Mailb0xTests;
			productName = Mailb0xTests;
			productReference = D9CBF1A91A06B125003309A9 /* Mailb0xTests.xctest */;
			productType = "com.apple.product-type.bundle.unit-test";
		};
/* End PBXNativeTarget section */

/* Begin PBXProject section */
		D9CBF18C1A06B125003309A9 /* Project object */ = {
			isa = PBXProject;
			attributes = {
				LastUpgradeCheck = 0610;
				ORGANIZATIONNAME = "Eric Eriksson";
				TargetAttributes = {
					D9CBF1931A06B125003309A9 = {
						CreatedOnToolsVersion = 6.1;
					};
					D9CBF1A81A06B125003309A9 = {
						CreatedOnToolsVersion = 6.1;
						TestTargetID = D9CBF1931A06B125003309A9;
					};
				};
			};
			buildConfigurationList = D9CBF18F1A06B125003309A9 /* Build configuration list for PBXProject "Mailb0x" */;
			compatibilityVersion = "Xcode 3.2";
			developmentRegion = English;
			hasScannedForEncodings = 0;
			knownRegions = (
				en,
				Base,
			);
			mainGroup = D9CBF18B1A06B125003309A9;
			productRefGroup = D9CBF1951A06B125003309A9 /* Products */;
			projectDirPath = "";
			projectRoot = "";
			targets = (
				D9CBF1931A06B125003309A9 /* Mailb0x */,
				D9CBF1A81A06B125003309A9 /* Mailb0xTests */,
			);
		};
/* End PBXProject section */

/* Begin PBXResourcesBuildPhase section */
		D9CBF1921A06B125003309A9 /* Resources */ = {
			isa = PBXResourcesBuildPhase;
			buildActionMask = 2147483647;
			files = (
				D9CBF19F1A06B125003309A9 /* Main.storyboard in Resources */,
				D9CBF1A41A06B125003309A9 /* LaunchScreen.xib in Resources */,
				D9CBF1A11A06B125003309A9 /* Images.xcassets in Resources */,
			);
			runOnlyForDeploymentPostprocessing = 0;
		};
		D9CBF1A71A06B125003309A9 /* Resources */ = {
			isa = PBXResourcesBuildPhase;
			buildActionMask = 2147483647;
			files = (
			);
			runOnlyForDeploymentPostprocessing = 0;
		};
/* End PBXResourcesBuildPhase section */

/* Begin PBXSourcesBuildPhase section */
		D9CBF1901A06B125003309A9 /* Sources */ = {
			isa = PBXSourcesBuildPhase;
			buildActionMask = 2147483647;
			files = (
				D9CBF19C1A06B125003309A9 /* ViewController.swift in Sources */,
				D9CBF19A1A06B125003309A9 /* AppDelegate.swift in Sources */,
			);
			runOnlyForDeploymentPostprocessing = 0;
		};
		D9CBF1A51A06B125003309A9 /* Sources */ = {
			isa = PBXSourcesBuildPhase;
			buildActionMask = 2147483647;
			files = (
				D9CBF1B01A06B125003309A9 /* Mailb0xTests.swift in Sources */,
			);
			runOnlyForDeploymentPostprocessing = 0;
		};
/* End PBXSourcesBuildPhase section */

/* Begin PBXTargetDependency section */
		D9CBF1AB1A06B125003309A9 /* PBXTargetDependency */ = {
			isa = PBXTargetDependency;
			target = D9CBF1931A06B125003309A9 /* Mailb0x */;
			targetProxy = D9CBF1AA1A06B125003309A9 /* PBXContainerItemProxy */;
		};
/* End PBXTargetDependency section */

/* Begin PBXVariantGroup section */
		D9CBF19D1A06B125003309A9 /* Main.storyboard */ = {
			isa = PBXVariantGroup;
			children = (
				D9CBF19E1A06B125003309A9 /* Base */,
			);
			name = Main.storyboard;
			sourceTree = "<group>";
		};
		D9CBF1A21A06B125003309A9 /* LaunchScreen.xib */ = {
			isa = PBXVariantGroup;
			children = (
				D9CBF1A31A06B125003309A9 /* Base */,
			);
			name = LaunchScreen.xib;
			sourceTree = "<group>";
		};
/* End PBXVariantGroup section */

/* Begin XCBuildConfiguration section */
		D9CBF1B11A06B125003309A9 /* Debug */ = {
			isa = XCBuildConfiguration;
			buildSettings = {
				ALWAYS_SEARCH_USER_PATHS = NO;
				CLANG_CXX_LANGUAGE_STANDARD = "gnu++0x";
				CLANG_CXX_LIBRARY = "libc++";
				CLANG_ENABLE_MODULES = YES;
				CLANG_ENABLE_OBJC_ARC = YES;
				CLANG_WARN_BOOL_CONVERSION = YES;
				CLANG_WARN_CONSTANT_CONVERSION = YES;
				CLANG_WARN_DIRECT_OBJC_ISA_USAGE = YES_ERROR;
				CLANG_WARN_EMPTY_BODY = YES;
				CLANG_WARN_ENUM_CONVERSION = YES;
				CLANG_WARN_INT_CONVERSION = YES;
				CLANG_WARN_OBJC_ROOT_CLASS = YES_ERROR;
				CLANG_WARN_UNREACHABLE_CODE = YES;
				CLANG_WARN__DUPLICATE_METHOD_MATCH = YES;
				"CODE_SIGN_IDENTITY[sdk=iphoneos*]" = "iPhone Developer";
				COPY_PHASE_STRIP = NO;
				ENABLE_STRICT_OBJC_MSGSEND = YES;
				GCC_C_LANGUAGE_STANDARD = gnu99;
				GCC_DYNAMIC_NO_PIC = NO;
				GCC_OPTIMIZATION_LEVEL = 0;
				GCC_PREPROCESSOR_DEFINITIONS = (
					"DEBUG=1",
					"$(inherited)",
				);
				GCC_SYMBOLS_PRIVATE_EXTERN = NO;
				GCC_WARN_64_TO_32_BIT_CONVERSION = YES;
				GCC_WARN_ABOUT_RETURN_TYPE = YES_ERROR;
				GCC_WARN_UNDECLARED_SELECTOR = YES;
				GCC_WARN_UNINITIALIZED_AUTOS = YES_AGGRESSIVE;
				GCC_WARN_UNUSED_FUNCTION = YES;
				GCC_WARN_UNUSED_VARIABLE = YES;
				IPHONEOS_DEPLOYMENT_TARGET = 8.1;
				MTL_ENABLE_DEBUG_INFO = YES;
				ONLY_ACTIVE_ARCH = YES;
				SDKROOT = iphoneos;
				SWIFT_OPTIMIZATION_LEVEL = "-Onone";
			};
			name = Debug;
		};
		D9CBF1B21A06B125003309A9 /* Release */ = {
			isa = XCBuildConfiguration;
			buildSettings = {
				ALWAYS_SEARCH_USER_PATHS = NO;
				CLANG_CXX_LANGUAGE_STANDARD = "gnu++0x";
				CLANG_CXX_LIBRARY = "libc++";
				CLANG_ENABLE_MODULES = YES;
				CLANG_ENABLE_OBJC_ARC = YES;
				CLANG_WARN_BOOL_CONVERSION = YES;
				CLANG_WARN_CONSTANT_CONVERSION = YES;
				CLANG_WARN_DIRECT_OBJC_ISA_USAGE = YES_ERROR;
				CLANG_WARN_EMPTY_BODY = YES;
				CLANG_WARN_ENUM_CONVERSION = YES;
				CLANG_WARN_INT_CONVERSION = YES;
				CLANG_WARN_OBJC_ROOT_CLASS = YES_ERROR;
				CLANG_WARN_UNREACHABLE_CODE = YES;
				CLANG_WARN__DUPLICATE_METHOD_MATCH = YES;
				"CODE_SIGN_IDENTITY[sdk=iphoneos*]" = "iPhone Developer";
				COPY_PHASE_STRIP = YES;
				ENABLE_NS_ASSERTIONS = NO;
				ENABLE_STRICT_OBJC_MSGSEND = YES;
				GCC_C_LANGUAGE_STANDARD = gnu99;
				GCC_WARN_64_TO_32_BIT_CONVERSION = YES;
				GCC_WARN_ABOUT_RETURN_TYPE = YES_ERROR;
				GCC_WARN_UNDECLARED_SELECTOR = YES;
				GCC_WARN_UNINITIALIZED_AUTOS = YES_AGGRESSIVE;
				GCC_WARN_UNUSED_FUNCTION = YES;
				GCC_WARN_UNUSED_VARIABLE = YES;
				IPHONEOS_DEPLOYMENT_TARGET = 8.1;
				MTL_ENABLE_DEBUG_INFO = NO;
				SDKROOT = iphoneos;
				VALIDATE_PRODUCT = YES;
			};
			name = Release;
		};
		D9CBF1B41A06B125003309A9 /* Debug */ = {
			isa = XCBuildConfiguration;
			buildSettings = {
				ASSETCATALOG_COMPILER_APPICON_NAME = AppIcon;
				INFOPLIST_FILE = Mailb0x/Info.plist;
				LD_RUNPATH_SEARCH_PATHS = "$(inherited) @executable_path/Frameworks";
				PRODUCT_NAME = "$(TARGET_NAME)";
			};
			name = Debug;
		};
		D9CBF1B51A06B125003309A9 /* Release */ = {
			isa = XCBuildConfiguration;
			buildSettings = {
				ASSETCATALOG_COMPILER_APPICON_NAME = AppIcon;
				INFOPLIST_FILE = Mailb0x/Info.plist;
				LD_RUNPATH_SEARCH_PATHS = "$(inherited) @executable_path/Frameworks";
				PRODUCT_NAME = "$(TARGET_NAME)";
			};
			name = Release;
		};
		D9CBF1B71A06B125003309A9 /* Debug */ = {
			isa = XCBuildConfiguration;
			buildSettings = {
				BUNDLE_LOADER = "$(TEST_HOST)";
				FRAMEWORK_SEARCH_PATHS = (
					"$(SDKROOT)/Developer/Library/Frameworks",
					"$(inherited)",
				);
				GCC_PREPROCESSOR_DEFINITIONS = (
					"DEBUG=1",
					"$(inherited)",
				);
				INFOPLIST_FILE = Mailb0xTests/Info.plist;
				LD_RUNPATH_SEARCH_PATHS = "$(inherited) @executable_path/Frameworks @loader_path/Frameworks";
				PRODUCT_NAME = "$(TARGET_NAME)";
				TEST_HOST = "$(BUILT_PRODUCTS_DIR)/Mailb0x.app/Mailb0x";
			};
			name = Debug;
		};
		D9CBF1B81A06B125003309A9 /* Release */ = {
			isa = XCBuildConfiguration;
			buildSettings = {
				BUNDLE_LOADER = "$(TEST_HOST)";
				FRAMEWORK_SEARCH_PATHS = (
					"$(SDKROOT)/Developer/Library/Frameworks",
					"$(inherited)",
				);
				INFOPLIST_FILE = Mailb0xTests/Info.plist;
				LD_RUNPATH_SEARCH_PATHS = "$(inherited) @executable_path/Frameworks @loader_path/Frameworks";
				PRODUCT_NAME = "$(TARGET_NAME)";
				TEST_HOST = "$(BUILT_PRODUCTS_DIR)/Mailb0x.app/Mailb0x";
			};
			name = Release;
		};
/* End XCBuildConfiguration section */

/* Begin XCConfigurationList section */
		D9CBF18F1A06B125003309A9 /* Build configuration list for PBXProject "Mailb0x" */ = {
			isa = XCConfigurationList;
			buildConfigurations = (
				D9CBF1B11A06B125003309A9 /* Debug */,
				D9CBF1B21A06B125003309A9 /* Release */,
			);
			defaultConfigurationIsVisible = 0;
			defaultConfigurationName = Release;
		};
		D9CBF1B31A06B125003309A9 /* Build configuration list for PBXNativeTarget "Mailb0x" */ = {
			isa = XCConfigurationList;
			buildConfigurations = (
				D9CBF1B41A06B125003309A9 /* Debug */,
				D9CBF1B51A06B125003309A9 /* Release */,
			);
			defaultConfigurationIsVisible = 0;
		};
		D9CBF1B61A06B125003309A9 /* Build configuration list for PBXNativeTarget "Mailb0xTests" */ = {
			isa = XCConfigurationList;
			buildConfigurations = (
				D9CBF1B71A06B125003309A9 /* Debug */,
				D9CBF1B81A06B125003309A9 /* Release */,
			);
			defaultConfigurationIsVisible = 0;
		};
/* End XCConfigurationList section */
	};
	rootObject = D9CBF18C1A06B125003309A9 /* Project object */;
}
